
Microsoft Visual Studio Solution File, Format Version 12.00
# Visual Studio Version 17
VisualStudioVersion = 17.14.36616.10
MinimumVisualStudioVersion = 10.0.40219.1
Project("{FAE04EC0-301F-11D3-BF4B-00C04F79EFBC}") = "GameDevIntro.GameBase", "GameDevIntro.GameBase\GameDevIntro.GameBase.csproj", "{A54D3EAF-5315-40E0-ADBC-94974ECE56D1}"
EndProject
Project("{FAE04EC0-301F-11D3-BF4B-00C04F79EFBC}") = "GameDevIntro.CheesePopper", "GameDevIntro.CheesePopper\GameDevIntro.CheesePopper.csproj", "{D4EFC039-64E6-410A-AE15-DAC8FC51B19A}"
EndProject
Project("{FAE04EC0-301F-11D3-BF4B-00C04F79EFBC}") = "GameDevIntro.SimpleZuul", "GameDevIntro.SimpleZuul\GameDevIntro.SimpleZuul.csproj", "{6C0C3AF7-5522-4556-941E-414FA94C137B}"
EndProject
Project("{FAE04EC0-301F-11D3-BF4B-00C04F79EFBC}") = "GameDevIntro.FullZuul", "GameDevIntro.FullZuul\GameDevIntro.FullZuul.csproj", "{195E1F7A-B64B-39BD-E0D3-1C52B9E58004}"
EndProject
Project("{FAE04EC0-301F-11D3-BF4B-00C04F79EFBC}") = "GameDevIntro.DodgeWall", "GameDevIntro.DodgeWall\GameDevIntro.DodgeWall.csproj", "{2BD39D4F-41C0-4A26-A224-9AF4F84AC604}"
EndProject
Project("{FAE04EC0-301F-11D3-BF4B-00C04F79EFBC}") = "GameDevIntro.SimpleSnake", "GameDevIntro.SimpleSnake\GameDevIntro.SimpleSnake.csproj", "{1C5C452D-9E21-4635-9838-B33888DDC806}"
EndProject
Global
	GlobalSection(SolutionConfigurationPlatforms) = preSolution
		Debug|Any CPU = Debug|Any CPU
		Release|Any CPU = Release|Any CPU
	EndGlobalSection
	GlobalSection(ProjectConfigurationPlatforms) = postSolution
		{A54D3EAF-5315-40E0-ADBC-94974ECE56D1}.Debug|Any CPU.ActiveCfg = Debug|Any CPU
		{A54D3EAF-5315-40E0-ADBC-94974ECE56D1}.Debug|Any CPU.Build.0 = Debug|Any CPU
		{A54D3EAF-5315-40E0-ADBC-94974ECE56D1}.Release|Any CPU.ActiveCfg = Release|Any CPU
		{A54D3EAF-5315-40E0-ADBC-94974ECE56D1}.Release|Any CPU.Build.0 = Release|Any CPU
		{D4EFC039-64E6-410A-AE15-DAC8FC51B19A}.Debug|Any CPU.ActiveCfg = Debug|Any CPU
		{D4EFC039-64E6-410A-AE15-DAC8FC51B19A}.Debug|Any CPU.Build.0 = Debug|Any CPU
		{D4EFC039-64E6-410A-AE15-DAC8FC51B19A}.Release|Any CPU.ActiveCfg = Release|Any CPU
		{D4EFC039-64E6-410A-AE15-DAC8FC51B19A}.Release|Any CPU.Build.0 = Release|Any CPU
		{6C0C3AF7-5522-4556-941E-414FA94C137B}.Debug|Any CPU.ActiveCfg = Debug|Any CPU
		{6C0C3AF7-5522-4556-941E-414FA94C137B}.Debug|Any CPU.Build.0 = Debug|Any CPU
		{6C0C3AF7-5522-4556-941E-414FA94C137B}.Release|Any CPU.ActiveCfg = Release|Any CPU
		{6C0C3AF7-5522-4556-941E-414FA94C137B}.Release|Any CPU.Build.0 = Release|Any CPU
		{195E1F7A-B64B-39BD-E0D3-1C52B9E58004}.Debug|Any CPU.ActiveCfg = Debug|Any CPU
		{195E1F7A-B64B-39BD-E0D3-1C52B9E58004}.Debug|Any CPU.Build.0 = Debug|Any CPU
		{195E1F7A-B64B-39BD-E0D3-1C52B9E58004}.Release|Any CPU.ActiveCfg = Release|Any CPU
		{195E1F7A-B64B-39BD-E0D3-1C52B9E58004}.Release|Any CPU.Build.0 = Release|Any CPU
		{2BD39D4F-41C0-4A26-A224-9AF4F84AC604}.Debug|Any CPU.ActiveCfg = Debug|Any CPU
		{2BD39D4F-41C0-4A26-A224-9AF4F84AC604}.Debug|Any CPU.Build.0 = Debug|Any CPU
		{2BD39D4F-41C0-4A26-A224-9AF4F84AC604}.Release|Any CPU.ActiveCfg = Release|Any CPU
		{2BD39D4F-41C0-4A26-A224-9AF4F84AC604}.Release|Any CPU.Build.0 = Release|Any CPU
		{1C5C452D-9E21-4635-9838-B33888DDC806}.Debug|Any CPU.ActiveCfg = Debug|Any CPU
		{1C5C452D-9E21-4635-9838-B33888DDC806}.Debug|Any CPU.Build.0 = Debug|Any CPU
		{1C5C452D-9E21-4635-9838-B33888DDC806}.Release|Any CPU.ActiveCfg = Release|Any CPU
		{1C5C452D-9E21-4635-9838-B33888DDC806}.Release|Any CPU.Build.0 = Release|Any CPU
	EndGlobalSection
	GlobalSection(SolutionProperties) = preSolution
		HideSolutionNode = FALSE
	EndGlobalSection
	GlobalSection(ExtensibilityGlobals) = postSolution
		SolutionGuid = {AC54DE66-514C-4914-9342-82798209C15C}
	EndGlobalSection
EndGlobal
